// !$*UTF8*$!
{
	archiveVersion = 1;
	classes = {
	};
	objectVersion = 50;
	objects = {

/* Begin PBXBuildFile section */
		E8AD752125B91898000CC23F /* foodItem.xib in Resources */ = {isa = PBXBuildFile; fileRef = E8AD752025B91898000CC23F /* foodItem.xib */; };
		E8AD752425B91D08000CC23F /* Food.swift in Sources */ = {isa = PBXBuildFile; fileRef = E8AD752325B91D08000CC23F /* Food.swift */; };
		E8AD752725B91F9E000CC23F /* FoodCell.swift in Sources */ = {isa = PBXBuildFile; fileRef = E8AD752625B91F9E000CC23F /* FoodCell.swift */; };
		E8AD752A25B932BA000CC23F /* OriginalImageRender.swift in Sources */ = {isa = PBXBuildFile; fileRef = E8AD752925B932BA000CC23F /* OriginalImageRender.swift */; };
		E8AD752D25BA19BF000CC23F /* NewMealViewController.swift in Sources */ = {isa = PBXBuildFile; fileRef = E8AD752C25BA19BF000CC23F /* NewMealViewController.swift */; };
		E8AD753525BA3001000CC23F /* FoodData.xcdatamodeld in Sources */ = {isa = PBXBuildFile; fileRef = E8AD753325BA3001000CC23F /* FoodData.xcdatamodeld */; };
		E8AD753825BA3CE0000CC23F /* FoodRepository.swift in Sources */ = {isa = PBXBuildFile; fileRef = E8AD753725BA3CE0000CC23F /* FoodRepository.swift */; };
		E8AD753C25BA7C4B000CC23F /* Extensions.swift in Sources */ = {isa = PBXBuildFile; fileRef = E8AD753B25BA7C4B000CC23F /* Extensions.swift */; };
		E8AD753F25BA8141000CC23F /* Helper.swift in Sources */ = {isa = PBXBuildFile; fileRef = E8AD753E25BA8141000CC23F /* Helper.swift */; };
		E8ECABA025B21D040028A705 /* AppDelegate.swift in Sources */ = {isa = PBXBuildFile; fileRef = E8ECAB9F25B21D040028A705 /* AppDelegate.swift */; };
		E8ECABA225B21D040028A705 /* SceneDelegate.swift in Sources */ = {isa = PBXBuildFile; fileRef = E8ECABA125B21D040028A705 /* SceneDelegate.swift */; };
		E8ECABA425B21D040028A705 /* UserCreationViewController.swift in Sources */ = {isa = PBXBuildFile; fileRef = E8ECABA325B21D040028A705 /* UserCreationViewController.swift */; };
		E8ECABA725B21D040028A705 /* Main.storyboard in Resources */ = {isa = PBXBuildFile; fileRef = E8ECABA525B21D040028A705 /* Main.storyboard */; };
		E8ECABA925B21D060028A705 /* Assets.xcassets in Resources */ = {isa = PBXBuildFile; fileRef = E8ECABA825B21D060028A705 /* Assets.xcassets */; };
		E8ECABAC25B21D070028A705 /* LaunchScreen.storyboard in Resources */ = {isa = PBXBuildFile; fileRef = E8ECABAA25B21D070028A705 /* LaunchScreen.storyboard */; };
		E8ECABB625B7EAC60028A705 /* AppConstants.swift in Sources */ = {isa = PBXBuildFile; fileRef = E8ECABB525B7EAC60028A705 /* AppConstants.swift */; };
		E8ECABBA25B7EB640028A705 /* User.swift in Sources */ = {isa = PBXBuildFile; fileRef = E8ECABB925B7EB640028A705 /* User.swift */; };
		E8ECABC625B7F3EB0028A705 /* MainViewController.swift in Sources */ = {isa = PBXBuildFile; fileRef = E8ECABC525B7F3EB0028A705 /* MainViewController.swift */; };
		E8ECABD025B8FFA30028A705 /* Strings.swift in Sources */ = {isa = PBXBuildFile; fileRef = E8ECABCF25B8FFA30028A705 /* Strings.swift */; };
/* End PBXBuildFile section */

/* Begin PBXFileReference section */
		E8AD752025B91898000CC23F /* foodItem.xib */ = {isa = PBXFileReference; lastKnownFileType = file.xib; path = foodItem.xib; sourceTree = "<group>"; };
		E8AD752325B91D08000CC23F /* Food.swift */ = {isa = PBXFileReference; lastKnownFileType = sourcecode.swift; path = Food.swift; sourceTree = "<group>"; };
		E8AD752625B91F9E000CC23F /* FoodCell.swift */ = {isa = PBXFileReference; lastKnownFileType = sourcecode.swift; path = FoodCell.swift; sourceTree = "<group>"; };
		E8AD752925B932BA000CC23F /* OriginalImageRender.swift */ = {isa = PBXFileReference; lastKnownFileType = sourcecode.swift; path = OriginalImageRender.swift; sourceTree = "<group>"; };
		E8AD752C25BA19BF000CC23F /* NewMealViewController.swift */ = {isa = PBXFileReference; lastKnownFileType = sourcecode.swift; path = NewMealViewController.swift; sourceTree = "<group>"; };
		E8AD753425BA3001000CC23F /* FoodData.xcdatamodel */ = {isa = PBXFileReference; lastKnownFileType = wrapper.xcdatamodel; path = FoodData.xcdatamodel; sourceTree = "<group>"; };
		E8AD753725BA3CE0000CC23F /* FoodRepository.swift */ = {isa = PBXFileReference; lastKnownFileType = sourcecode.swift; path = FoodRepository.swift; sourceTree = "<group>"; };
		E8AD753B25BA7C4B000CC23F /* Extensions.swift */ = {isa = PBXFileReference; lastKnownFileType = sourcecode.swift; path = Extensions.swift; sourceTree = "<group>"; };
		E8AD753E25BA8141000CC23F /* Helper.swift */ = {isa = PBXFileReference; lastKnownFileType = sourcecode.swift; path = Helper.swift; sourceTree = "<group>"; };
		E8ECAB9C25B21D040028A705 /* ListBuilder.app */ = {isa = PBXFileReference; explicitFileType = wrapper.application; includeInIndex = 0; path = ListBuilder.app; sourceTree = BUILT_PRODUCTS_DIR; };
		E8ECAB9F25B21D040028A705 /* AppDelegate.swift */ = {isa = PBXFileReference; lastKnownFileType = sourcecode.swift; path = AppDelegate.swift; sourceTree = "<group>"; };
		E8ECABA125B21D040028A705 /* SceneDelegate.swift */ = {isa = PBXFileReference; lastKnownFileType = sourcecode.swift; path = SceneDelegate.swift; sourceTree = "<group>"; };
		E8ECABA325B21D040028A705 /* UserCreationViewController.swift */ = {isa = PBXFileReference; lastKnownFileType = sourcecode.swift; path = UserCreationViewController.swift; sourceTree = "<group>"; };
		E8ECABA625B21D040028A705 /* Base */ = {isa = PBXFileReference; lastKnownFileType = file.storyboard; name = Base; path = Base.lproj/Main.storyboard; sourceTree = "<group>"; };
		E8ECABA825B21D060028A705 /* Assets.xcassets */ = {isa = PBXFileReference; lastKnownFileType = folder.assetcatalog; path = Assets.xcassets; sourceTree = "<group>"; };
		E8ECABAB25B21D070028A705 /* Base */ = {isa = PBXFileReference; lastKnownFileType = file.storyboard; name = Base; path = Base.lproj/LaunchScreen.storyboard; sourceTree = "<group>"; };
		E8ECABAD25B21D070028A705 /* Info.plist */ = {isa = PBXFileReference; lastKnownFileType = text.plist.xml; path = Info.plist; sourceTree = "<group>"; };
		E8ECABB525B7EAC60028A705 /* AppConstants.swift */ = {isa = PBXFileReference; lastKnownFileType = sourcecode.swift; path = AppConstants.swift; sourceTree = "<group>"; };
		E8ECABB925B7EB640028A705 /* User.swift */ = {isa = PBXFileReference; lastKnownFileType = sourcecode.swift; path = User.swift; sourceTree = "<group>"; };
		E8ECABC525B7F3EB0028A705 /* MainViewController.swift */ = {isa = PBXFileReference; lastKnownFileType = sourcecode.swift; path = MainViewController.swift; sourceTree = "<group>"; };
		E8ECABCF25B8FFA30028A705 /* Strings.swift */ = {isa = PBXFileReference; lastKnownFileType = sourcecode.swift; path = Strings.swift; sourceTree = "<group>"; };
/* End PBXFileReference section */

/* Begin PBXFrameworksBuildPhase section */
		E8ECAB9925B21D040028A705 /* Frameworks */ = {
			isa = PBXFrameworksBuildPhase;
			buildActionMask = 2147483647;
			files = (
			);
			runOnlyForDeploymentPostprocessing = 0;
		};
/* End PBXFrameworksBuildPhase section */

/* Begin PBXGroup section */
		E8AD751F25B91870000CC23F /* Xibs */ = {
			isa = PBXGroup;
			children = (
				E8AD752025B91898000CC23F /* foodItem.xib */,
				E8AD752625B91F9E000CC23F /* FoodCell.swift */,
			);
			path = Xibs;
			sourceTree = "<group>";
		};
		E8AD754225BA8595000CC23F /* Repos */ = {
			isa = PBXGroup;
			children = (
				E8AD753725BA3CE0000CC23F /* FoodRepository.swift */,
			);
			path = Repos;
			sourceTree = "<group>";
		};
		E8ECAB9325B21D040028A705 = {
			isa = PBXGroup;
			children = (
				E8ECAB9E25B21D040028A705 /* ListBuilder */,
				E8ECAB9D25B21D040028A705 /* Products */,
			);
			sourceTree = "<group>";
		};
		E8ECAB9D25B21D040028A705 /* Products */ = {
			isa = PBXGroup;
			children = (
				E8ECAB9C25B21D040028A705 /* ListBuilder.app */,
			);
			name = Products;
			sourceTree = "<group>";
		};
		E8ECAB9E25B21D040028A705 /* ListBuilder */ = {
			isa = PBXGroup;
			children = (
				E8AD754225BA8595000CC23F /* Repos */,
				E8AD751F25B91870000CC23F /* Xibs */,
				E8ECABD425B902020028A705 /* Storyboards */,
				E8ECABCE25B8FF900028A705 /* Utils */,
				E8ECABCD25B8FF720028A705 /* ViewControllers */,
				E8ECABB825B7EB560028A705 /* Model */,
				E8ECAB9F25B21D040028A705 /* AppDelegate.swift */,
				E8AD753325BA3001000CC23F /* FoodData.xcdatamodeld */,
				E8ECABA125B21D040028A705 /* SceneDelegate.swift */,
				E8ECABA825B21D060028A705 /* Assets.xcassets */,
				E8ECABAD25B21D070028A705 /* Info.plist */,
			);
			path = ListBuilder;
			sourceTree = "<group>";
		};
		E8ECABB825B7EB560028A705 /* Model */ = {
			isa = PBXGroup;
			children = (
				E8ECABB925B7EB640028A705 /* User.swift */,
				E8AD752325B91D08000CC23F /* Food.swift */,
			);
			path = Model;
			sourceTree = "<group>";
		};
		E8ECABCD25B8FF720028A705 /* ViewControllers */ = {
			isa = PBXGroup;
			children = (
				E8ECABA325B21D040028A705 /* UserCreationViewController.swift */,
				E8ECABC525B7F3EB0028A705 /* MainViewController.swift */,
				E8AD752C25BA19BF000CC23F /* NewMealViewController.swift */,
			);
			path = ViewControllers;
			sourceTree = "<group>";
		};
		E8ECABCE25B8FF900028A705 /* Utils */ = {
			isa = PBXGroup;
			children = (
				E8ECABB525B7EAC60028A705 /* AppConstants.swift */,
				E8ECABCF25B8FFA30028A705 /* Strings.swift */,
				E8AD752925B932BA000CC23F /* OriginalImageRender.swift */,
				E8AD753B25BA7C4B000CC23F /* Extensions.swift */,
				E8AD753E25BA8141000CC23F /* Helper.swift */,
			);
			path = Utils;
			sourceTree = "<group>";
		};
		E8ECABD425B902020028A705 /* Storyboards */ = {
			isa = PBXGroup;
			children = (
				E8ECABA525B21D040028A705 /* Main.storyboard */,
				E8ECABAA25B21D070028A705 /* LaunchScreen.storyboard */,
			);
			path = Storyboards;
			sourceTree = "<group>";
		};
/* End PBXGroup section */

/* Begin PBXNativeTarget section */
		E8ECAB9B25B21D040028A705 /* ListBuilder */ = {
			isa = PBXNativeTarget;
			buildConfigurationList = E8ECABB025B21D070028A705 /* Build configuration list for PBXNativeTarget "ListBuilder" */;
			buildPhases = (
				E8ECAB9825B21D040028A705 /* Sources */,
				E8ECAB9925B21D040028A705 /* Frameworks */,
				E8ECAB9A25B21D040028A705 /* Resources */,
			);
			buildRules = (
			);
			dependencies = (
			);
			name = ListBuilder;
			productName = ListBuilder;
			productReference = E8ECAB9C25B21D040028A705 /* ListBuilder.app */;
			productType = "com.apple.product-type.application";
		};
/* End PBXNativeTarget section */

/* Begin PBXProject section */
		E8ECAB9425B21D040028A705 /* Project object */ = {
			isa = PBXProject;
			attributes = {
				LastSwiftUpdateCheck = 1230;
				LastUpgradeCheck = 1230;
				TargetAttributes = {
					E8ECAB9B25B21D040028A705 = {
						CreatedOnToolsVersion = 12.3;
					};
				};
			};
			buildConfigurationList = E8ECAB9725B21D040028A705 /* Build configuration list for PBXProject "ListBuilder" */;
			compatibilityVersion = "Xcode 9.3";
			developmentRegion = en;
			hasScannedForEncodings = 0;
			knownRegions = (
				en,
				Base,
			);
			mainGroup = E8ECAB9325B21D040028A705;
			productRefGroup = E8ECAB9D25B21D040028A705 /* Products */;
			projectDirPath = "";
			projectRoot = "";
			targets = (
				E8ECAB9B25B21D040028A705 /* ListBuilder */,
			);
		};
/* End PBXProject section */

/* Begin PBXResourcesBuildPhase section */
		E8ECAB9A25B21D040028A705 /* Resources */ = {
			isa = PBXResourcesBuildPhase;
			buildActionMask = 2147483647;
			files = (
				E8AD752125B91898000CC23F /* foodItem.xib in Resources */,
				E8ECABAC25B21D070028A705 /* LaunchScreen.storyboard in Resources */,
				E8ECABA925B21D060028A705 /* Assets.xcassets in Resources */,
				E8ECABA725B21D040028A705 /* Main.storyboard in Resources */,
			);
			runOnlyForDeploymentPostprocessing = 0;
		};
/* End PBXResourcesBuildPhase section */

/* Begin PBXSourcesBuildPhase section */
		E8ECAB9825B21D040028A705 /* Sources */ = {
			isa = PBXSourcesBuildPhase;
			buildActionMask = 2147483647;
			files = (
				E8AD752D25BA19BF000CC23F /* NewMealViewController.swift in Sources */,
				E8ECABA425B21D040028A705 /* UserCreationViewController.swift in Sources */,
				E8AD753F25BA8141000CC23F /* Helper.swift in Sources */,
				E8ECABA025B21D040028A705 /* AppDelegate.swift in Sources */,
				E8ECABA225B21D040028A705 /* SceneDelegate.swift in Sources */,
				E8ECABC625B7F3EB0028A705 /* MainViewController.swift in Sources */,
				E8AD752A25B932BA000CC23F /* OriginalImageRender.swift in Sources */,
				E8AD753825BA3CE0000CC23F /* FoodRepository.swift in Sources */,
				E8ECABBA25B7EB640028A705 /* User.swift in Sources */,
				E8AD753525BA3001000CC23F /* FoodData.xcdatamodeld in Sources */,
				E8AD752425B91D08000CC23F /* Food.swift in Sources */,
				E8ECABB625B7EAC60028A705 /* AppConstants.swift in Sources */,
				E8AD752725B91F9E000CC23F /* FoodCell.swift in Sources */,
				E8ECABD025B8FFA30028A705 /* Strings.swift in Sources */,
				E8AD753C25BA7C4B000CC23F /* Extensions.swift in Sources */,
			);
			runOnlyForDeploymentPostprocessing = 0;
		};
/* End PBXSourcesBuildPhase section */

/* Begin PBXVariantGroup section */
		E8ECABA525B21D040028A705 /* Main.storyboard */ = {
			isa = PBXVariantGroup;
			children = (
				E8ECABA625B21D040028A705 /* Base */,
			);
			name = Main.storyboard;
			sourceTree = "<group>";
		};
		E8ECABAA25B21D070028A705 /* LaunchScreen.storyboard */ = {
			isa = PBXVariantGroup;
			children = (
				E8ECABAB25B21D070028A705 /* Base */,
			);
			name = LaunchScreen.storyboard;
			sourceTree = "<group>";
		};
/* End PBXVariantGroup section */

/* Begin XCBuildConfiguration section */
		E8ECABAE25B21D070028A705 /* Debug */ = {
			isa = XCBuildConfiguration;
			buildSettings = {
				ALWAYS_SEARCH_USER_PATHS = NO;
				CLANG_ANALYZER_NONNULL = YES;
				CLANG_ANALYZER_NUMBER_OBJECT_CONVERSION = YES_AGGRESSIVE;
				CLANG_CXX_LANGUAGE_STANDARD = "gnu++14";
				CLANG_CXX_LIBRARY = "libc++";
				CLANG_ENABLE_MODULES = YES;
				CLANG_ENABLE_OBJC_ARC = YES;
				CLANG_ENABLE_OBJC_WEAK = YES;
				CLANG_WARN_BLOCK_CAPTURE_AUTORELEASING = YES;
				CLANG_WARN_BOOL_CONVERSION = YES;
				CLANG_WARN_COMMA = YES;
				CLANG_WARN_CONSTANT_CONVERSION = YES;
				CLANG_WARN_DEPRECATED_OBJC_IMPLEMENTATIONS = YES;
				CLANG_WARN_DIRECT_OBJC_ISA_USAGE = YES_ERROR;
				CLANG_WARN_DOCUMENTATION_COMMENTS = YES;
				CLANG_WARN_EMPTY_BODY = YES;
				CLANG_WARN_ENUM_CONVERSION = YES;
				CLANG_WARN_INFINITE_RECURSION = YES;
				CLANG_WARN_INT_CONVERSION = YES;
				CLANG_WARN_NON_LITERAL_NULL_CONVERSION = YES;
				CLANG_WARN_OBJC_IMPLICIT_RETAIN_SELF = YES;
				CLANG_WARN_OBJC_LITERAL_CONVERSION = YES;
				CLANG_WARN_OBJC_ROOT_CLASS = YES_ERROR;
				CLANG_WARN_QUOTED_INCLUDE_IN_FRAMEWORK_HEADER = YES;
				CLANG_WARN_RANGE_LOOP_ANALYSIS = YES;
				CLANG_WARN_STRICT_PROTOTYPES = YES;
				CLANG_WARN_SUSPICIOUS_MOVE = YES;
				CLANG_WARN_UNGUARDED_AVAILABILITY = YES_AGGRESSIVE;
				CLANG_WARN_UNREACHABLE_CODE = YES;
				CLANG_WARN__DUPLICATE_METHOD_MATCH = YES;
				COPY_PHASE_STRIP = NO;
				DEBUG_INFORMATION_FORMAT = dwarf;
				ENABLE_STRICT_OBJC_MSGSEND = YES;
				ENABLE_TESTABILITY = YES;
				GCC_C_LANGUAGE_STANDARD = gnu11;
				GCC_DYNAMIC_NO_PIC = NO;
				GCC_NO_COMMON_BLOCKS = YES;
				GCC_OPTIMIZATION_LEVEL = 0;
				GCC_PREPROCESSOR_DEFINITIONS = (
					"DEBUG=1",
					"$(inherited)",
				);
				GCC_WARN_64_TO_32_BIT_CONVERSION = YES;
				GCC_WARN_ABOUT_RETURN_TYPE = YES_ERROR;
				GCC_WARN_UNDECLARED_SELECTOR = YES;
				GCC_WARN_UNINITIALIZED_AUTOS = YES_AGGRESSIVE;
				GCC_WARN_UNUSED_FUNCTION = YES;
				GCC_WARN_UNUSED_VARIABLE = YES;
				IPHONEOS_DEPLOYMENT_TARGET = 14.3;
				MTL_ENABLE_DEBUG_INFO = INCLUDE_SOURCE;
				MTL_FAST_MATH = YES;
				ONLY_ACTIVE_ARCH = YES;
				SDKROOT = iphoneos;
				SWIFT_ACTIVE_COMPILATION_CONDITIONS = DEBUG;
				SWIFT_OPTIMIZATION_LEVEL = "-Onone";
			};
			name = Debug;
		};
		E8ECABAF25B21D070028A705 /* Release */ = {
			isa = XCBuildConfiguration;
			buildSettings = {
				ALWAYS_SEARCH_USER_PATHS = NO;
				CLANG_ANALYZER_NONNULL = YES;
				CLANG_ANALYZER_NUMBER_OBJECT_CONVERSION = YES_AGGRESSIVE;
				CLANG_CXX_LANGUAGE_STANDARD = "gnu++14";
				CLANG_CXX_LIBRARY = "libc++";
				CLANG_ENABLE_MODULES = YES;
				CLANG_ENABLE_OBJC_ARC = YES;
				CLANG_ENABLE_OBJC_WEAK = YES;
				CLANG_WARN_BLOCK_CAPTURE_AUTORELEASING = YES;
				CLANG_WARN_BOOL_CONVERSION = YES;
				CLANG_WARN_COMMA = YES;
				CLANG_WARN_CONSTANT_CONVERSION = YES;
				CLANG_WARN_DEPRECATED_OBJC_IMPLEMENTATIONS = YES;
				CLANG_WARN_DIRECT_OBJC_ISA_USAGE = YES_ERROR;
				CLANG_WARN_DOCUMENTATION_COMMENTS = YES;
				CLANG_WARN_EMPTY_BODY = YES;
				CLANG_WARN_ENUM_CONVERSION = YES;
				CLANG_WARN_INFINITE_RECURSION = YES;
				CLANG_WARN_INT_CONVERSION = YES;
				CLANG_WARN_NON_LITERAL_NULL_CONVERSION = YES;
				CLANG_WARN_OBJC_IMPLICIT_RETAIN_SELF = YES;
				CLANG_WARN_OBJC_LITERAL_CONVERSION = YES;
				CLANG_WARN_OBJC_ROOT_CLASS = YES_ERROR;
				CLANG_WARN_QUOTED_INCLUDE_IN_FRAMEWORK_HEADER = YES;
				CLANG_WARN_RANGE_LOOP_ANALYSIS = YES;
				CLANG_WARN_STRICT_PROTOTYPES = YES;
				CLANG_WARN_SUSPICIOUS_MOVE = YES;
				CLANG_WARN_UNGUARDED_AVAILABILITY = YES_AGGRESSIVE;
				CLANG_WARN_UNREACHABLE_CODE = YES;
				CLANG_WARN__DUPLICATE_METHOD_MATCH = YES;
				COPY_PHASE_STRIP = NO;
				DEBUG_INFORMATION_FORMAT = "dwarf-with-dsym";
				ENABLE_NS_ASSERTIONS = NO;
				ENABLE_STRICT_OBJC_MSGSEND = YES;
				GCC_C_LANGUAGE_STANDARD = gnu11;
				GCC_NO_COMMON_BLOCKS = YES;
				GCC_WARN_64_TO_32_BIT_CONVERSION = YES;
				GCC_WARN_ABOUT_RETURN_TYPE = YES_ERROR;
				GCC_WARN_UNDECLARED_SELECTOR = YES;
				GCC_WARN_UNINITIALIZED_AUTOS = YES_AGGRESSIVE;
				GCC_WARN_UNUSED_FUNCTION = YES;
				GCC_WARN_UNUSED_VARIABLE = YES;
				IPHONEOS_DEPLOYMENT_TARGET = 14.3;
				MTL_ENABLE_DEBUG_INFO = NO;
				MTL_FAST_MATH = YES;
				SDKROOT = iphoneos;
				SWIFT_COMPILATION_MODE = wholemodule;
				SWIFT_OPTIMIZATION_LEVEL = "-O";
				VALIDATE_PRODUCT = YES;
			};
			name = Release;
		};
		E8ECABB125B21D070028A705 /* Debug */ = {
			isa = XCBuildConfiguration;
			buildSettings = {
				ASSETCATALOG_COMPILER_APPICON_NAME = AppIcon;
				ASSETCATALOG_COMPILER_GLOBAL_ACCENT_COLOR_NAME = AccentColor;
				CODE_SIGN_STYLE = Automatic;
				DEVELOPMENT_TEAM = XGJ29R7G4Y;
				INFOPLIST_FILE = ListBuilder/Info.plist;
				LD_RUNPATH_SEARCH_PATHS = (
					"$(inherited)",
					"@executable_path/Frameworks",
				);
				PRODUCT_BUNDLE_IDENTIFIER = com.rss618.ListBuilder;
				PRODUCT_NAME = "$(TARGET_NAME)";
				SWIFT_VERSION = 5.0;
				TARGETED_DEVICE_FAMILY = 1;
			};
			name = Debug;
		};
		E8ECABB225B21D070028A705 /* Release */ = {
			isa = XCBuildConfiguration;
			buildSettings = {
				ASSETCATALOG_COMPILER_APPICON_NAME = AppIcon;
				ASSETCATALOG_COMPILER_GLOBAL_ACCENT_COLOR_NAME = AccentColor;
				CODE_SIGN_STYLE = Automatic;
				DEVELOPMENT_TEAM = XGJ29R7G4Y;
				INFOPLIST_FILE = ListBuilder/Info.plist;
				LD_RUNPATH_SEARCH_PATHS = (
					"$(inherited)",
					"@executable_path/Frameworks",
				);
				PRODUCT_BUNDLE_IDENTIFIER = com.rss618.ListBuilder;
				PRODUCT_NAME = "$(TARGET_NAME)";
				SWIFT_VERSION = 5.0;
				TARGETED_DEVICE_FAMILY = 1;
			};
			name = Release;
		};
/* End XCBuildConfiguration section */

/* Begin XCConfigurationList section */
		E8ECAB9725B21D040028A705 /* Build configuration list for PBXProject "ListBuilder" */ = {
			isa = XCConfigurationList;
			buildConfigurations = (
				E8ECABAE25B21D070028A705 /* Debug */,
				E8ECABAF25B21D070028A705 /* Release */,
			);
			defaultConfigurationIsVisible = 0;
			defaultConfigurationName = Release;
		};
		E8ECABB025B21D070028A705 /* Build configuration list for PBXNativeTarget "ListBuilder" */ = {
			isa = XCConfigurationList;
			buildConfigurations = (
				E8ECABB125B21D070028A705 /* Debug */,
				E8ECABB225B21D070028A705 /* Release */,
			);
			defaultConfigurationIsVisible = 0;
			defaultConfigurationName = Release;
		};
/* End XCConfigurationList section */

/* Begin XCVersionGroup section */
		E8AD753325BA3001000CC23F /* FoodData.xcdatamodeld */ = {
			isa = XCVersionGroup;
			children = (
				E8AD753425BA3001000CC23F /* FoodData.xcdatamodel */,
			);
			currentVersion = E8AD753425BA3001000CC23F /* FoodData.xcdatamodel */;
			path = FoodData.xcdatamodeld;
			sourceTree = "<group>";
			versionGroupType = wrapper.xcdatamodel;
		};
/* End XCVersionGroup section */
	};
	rootObject = E8ECAB9425B21D040028A705 /* Project object */;
}
